dependencies:
  espressif/mdns:
    component_hash: e81ca7a7f53ea34e78274df054da692c272e1315572876b237b1748e267c013b
    dependencies:
    - name: idf
      require: private
      version: '>=5.0'
    source:
      registry_url: https://components.espressif.com/
      type: service
    version: 1.11.3
  idf:
    source:
      type: idf
    version: 5.5.5
direct_dependencies:
- espressif/mdns
- idf
manifest_hash: 90c16fd2316c504ccf02e5191bcb9886c6850e5b89a8d08c35e1539ead49703d
target: esp32s3
version: 2.0.0
